# THIS IS AN AUTOGENERATED FILE. DO NOT EDIT THIS FILE DIRECTLY.
# yarn lockfile v1


"@babel/runtime@^7.5.5", "@babel/runtime@^7.7.2":
  version "7.9.6"
  resolved "http://registry.npmjs.lianjia.com:7001/@babel/runtime/download/@babel/runtime-7.9.6.tgz#a9102eb5cadedf3f31d08a9ecf294af7827ea29f"
  integrity sha1-qRAutcre3z8x0IqezylK94J+op8=
  dependencies:
    regenerator-runtime "^0.13.4"

import-html-entry@^1.7.0:
  version "1.7.3"
  resolved "http://registry.npmjs.lianjia.com:7001/import-html-entry/download/import-html-entry-1.7.3.tgz#9c61234588b81abffc0896e0f8f4adabd8eabd6a"
  integrity sha1-nGEjRYi4Gr/8CJbg+PStq9jqvWo=
  dependencies:
    "@babel/runtime" "^7.7.2"

lodash@^4.17.11:
  version "4.17.19"
  resolved "https://registry.yarnpkg.com/lodash/-/lodash-4.17.19.tgz#e48ddedbe30b3321783c5b4301fbd353bc1e4a4b"
  integrity sha512-JNvd8XER9GQX0v2qJgsaN/mzFCNA5BRe/j8JN9d+tWyGLSodKQHKFicdwNYzWwI3wjRnaKPsGj1XkBjx/F96DQ==

qiankun@^2.0.11:
  version "2.0.11"
  resolved "http://registry.npmjs.lianjia.com:7001/qiankun/download/qiankun-2.0.11.tgz#8665cf5a0b5c72d09c262f0838f9b8075cb86ec8"
  integrity sha1-hmXPWgtcctCcJi8IOPm4B1y4bsg=
  dependencies:
    "@babel/runtime" "^7.5.5"
    import-html-entry "^1.7.0"
    lodash "^4.17.11"
    single-spa "^5.3.1"
    tslib "^1.10.0"

regenerator-runtime@^0.13.4:
  version "0.13.5"
  resolved "http://registry.npmjs.lianjia.com:7001/regenerator-runtime/download/regenerator-runtime-0.13.5.tgz#d878a1d094b4306d10b9096484b33ebd55e26697"
  integrity sha1-2Hih0JS0MG0QuQlkhLM+vVXiZpc=

single-spa@^5.3.1:
  version "5.5.0"
  resolved "http://registry.npmjs.lianjia.com:7001/single-spa/download/single-spa-5.5.0.tgz#3546ba3f07a82bef9311abb6da748cec8b75dfbf"
  integrity sha1-NUa6PweoK++TEau22nSM7It1378=

tslib@^1.10.0:
  version "1.12.0"
  resolved "http://registry.npmjs.lianjia.com:7001/tslib/download/tslib-1.12.0.tgz#d1fc9cacd06a1456c62f2902b361573e83d66473"
  integrity sha1-0fycrNBqFFbGLykCs2FXPoPWZHM=
